// !$*UTF8*$!
{
	archiveVersion = 1;
	classes = {
	};
	objectVersion = 50;
	objects = {

/* Begin PBXBuildFile section */
		190639B021918BAD00153BE9 /* CategoryNestPaging.gif in Resources */ = {isa = PBXBuildFile; fileRef = 190639AF21918BAD00153BE9 /* CategoryNestPaging.gif */; };
		19063A092191A18500153BE9 /* JXCategoryIndicatorLineView.m in Sources */ = {isa = PBXBuildFile; fileRef = 190639C42191A18400153BE9 /* JXCategoryIndicatorLineView.m */; };
		19063A0A2191A18500153BE9 /* JXCategoryIndicatorTriangleView.m in Sources */ = {isa = PBXBuildFile; fileRef = 190639C52191A18400153BE9 /* JXCategoryIndicatorTriangleView.m */; };
		19063A0B2191A18500153BE9 /* JXCategoryIndicatorImageView.m in Sources */ = {isa = PBXBuildFile; fileRef = 190639C72191A18400153BE9 /* JXCategoryIndicatorImageView.m */; };
		19063A0C2191A18500153BE9 /* JXCategoryIndicatorBallView.m in Sources */ = {isa = PBXBuildFile; fileRef = 190639C82191A18400153BE9 /* JXCategoryIndicatorBallView.m */; };
		19063A0D2191A18500153BE9 /* JXCategoryIndicatorComponentView.m in Sources */ = {isa = PBXBuildFile; fileRef = 190639C92191A18400153BE9 /* JXCategoryIndicatorComponentView.m */; };
		19063A0E2191A18500153BE9 /* JXCategoryIndicatorBackgroundView.m in Sources */ = {isa = PBXBuildFile; fileRef = 190639CE2191A18400153BE9 /* JXCategoryIndicatorBackgroundView.m */; };
		19063A0F2191A18500153BE9 /* JXCategoryIndicatorCellModel.m in Sources */ = {isa = PBXBuildFile; fileRef = 190639D02191A18400153BE9 /* JXCategoryIndicatorCellModel.m */; };
		19063A102191A18500153BE9 /* JXCategoryIndicatorCell.m in Sources */ = {isa = PBXBuildFile; fileRef = 190639D12191A18400153BE9 /* JXCategoryIndicatorCell.m */; };
		19063A112191A18500153BE9 /* JXCategoryIndicatorView.m in Sources */ = {isa = PBXBuildFile; fileRef = 190639D22191A18400153BE9 /* JXCategoryIndicatorView.m */; };
		19063A122191A18500153BE9 /* JXCategoryDotCell.m in Sources */ = {isa = PBXBuildFile; fileRef = 190639D42191A18400153BE9 /* JXCategoryDotCell.m */; };
		19063A132191A18500153BE9 /* JXCategoryDotView.m in Sources */ = {isa = PBXBuildFile; fileRef = 190639D62191A18400153BE9 /* JXCategoryDotView.m */; };
		19063A142191A18500153BE9 /* JXCategoryDotCellModel.m in Sources */ = {isa = PBXBuildFile; fileRef = 190639D92191A18400153BE9 /* JXCategoryDotCellModel.m */; };
		19063A152191A18500153BE9 /* JXCategoryTitleImageView.m in Sources */ = {isa = PBXBuildFile; fileRef = 190639DB2191A18400153BE9 /* JXCategoryTitleImageView.m */; };
		19063A162191A18500153BE9 /* JXCategoryTitleImageCell.m in Sources */ = {isa = PBXBuildFile; fileRef = 190639DC2191A18400153BE9 /* JXCategoryTitleImageCell.m */; };
		19063A172191A18500153BE9 /* JXCategoryTitleImageCellModel.m in Sources */ = {isa = PBXBuildFile; fileRef = 190639DF2191A18400153BE9 /* JXCategoryTitleImageCellModel.m */; };
		19063A182191A18500153BE9 /* JXCategoryTitleCellModel.m in Sources */ = {isa = PBXBuildFile; fileRef = 190639E52191A18400153BE9 /* JXCategoryTitleCellModel.m */; };
		19063A192191A18500153BE9 /* JXCategoryTitleCell.m in Sources */ = {isa = PBXBuildFile; fileRef = 190639E62191A18400153BE9 /* JXCategoryTitleCell.m */; };
		19063A1A2191A18500153BE9 /* JXCategoryTitleView.m in Sources */ = {isa = PBXBuildFile; fileRef = 190639E72191A18400153BE9 /* JXCategoryTitleView.m */; };
		19063A1B2191A18500153BE9 /* JXCategoryImageView.m in Sources */ = {isa = PBXBuildFile; fileRef = 190639EA2191A18400153BE9 /* JXCategoryImageView.m */; };
		19063A1C2191A18500153BE9 /* JXCategoryImageCell.m in Sources */ = {isa = PBXBuildFile; fileRef = 190639EB2191A18400153BE9 /* JXCategoryImageCell.m */; };
		19063A1D2191A18500153BE9 /* JXCategoryImageCellModel.m in Sources */ = {isa = PBXBuildFile; fileRef = 190639EF2191A18400153BE9 /* JXCategoryImageCellModel.m */; };
		19063A1E2191A18500153BE9 /* JXCategoryNumberView.m in Sources */ = {isa = PBXBuildFile; fileRef = 190639F22191A18400153BE9 /* JXCategoryNumberView.m */; };
		19063A1F2191A18500153BE9 /* JXCategoryNumberCell.m in Sources */ = {isa = PBXBuildFile; fileRef = 190639F32191A18400153BE9 /* JXCategoryNumberCell.m */; };
		19063A202191A18500153BE9 /* JXCategoryNumberCellModel.m in Sources */ = {isa = PBXBuildFile; fileRef = 190639F42191A18400153BE9 /* JXCategoryNumberCellModel.m */; };
		19063A212191A18500153BE9 /* JXCategoryListVCContainerView.m in Sources */ = {isa = PBXBuildFile; fileRef = 190639F92191A18400153BE9 /* JXCategoryListVCContainerView.m */; };
		19063A222191A18500153BE9 /* JXCategoryFactory.m in Sources */ = {isa = PBXBuildFile; fileRef = 190639FC2191A18400153BE9 /* JXCategoryFactory.m */; };
		19063A232191A18500153BE9 /* JXCategoryCollectionView.m in Sources */ = {isa = PBXBuildFile; fileRef = 190639FE2191A18400153BE9 /* JXCategoryCollectionView.m */; };
		19063A242191A18500153BE9 /* UIColor+JXAdd.m in Sources */ = {isa = PBXBuildFile; fileRef = 19063A002191A18400153BE9 /* UIColor+JXAdd.m */; };
		19063A252191A18500153BE9 /* JXCategoryBaseView.m in Sources */ = {isa = PBXBuildFile; fileRef = 19063A062191A18400153BE9 /* JXCategoryBaseView.m */; };
		19063A262191A18500153BE9 /* JXCategoryBaseCell.m in Sources */ = {isa = PBXBuildFile; fileRef = 19063A072191A18400153BE9 /* JXCategoryBaseCell.m */; };
		19063A272191A18500153BE9 /* JXCategoryBaseCellModel.m in Sources */ = {isa = PBXBuildFile; fileRef = 19063A082191A18400153BE9 /* JXCategoryBaseCellModel.m */; };
		190F6A74213FB89300870498 /* JXPagingMainTableView.swift in Sources */ = {isa = PBXBuildFile; fileRef = 190F6A70213FB89300870498 /* JXPagingMainTableView.swift */; };
		190F6A75213FB89300870498 /* JXPagingView.swift in Sources */ = {isa = PBXBuildFile; fileRef = 190F6A71213FB89300870498 /* JXPagingView.swift */; };
		190F6A76213FB89300870498 /* JXPagingListRefreshView.swift in Sources */ = {isa = PBXBuildFile; fileRef = 190F6A72213FB89300870498 /* JXPagingListRefreshView.swift */; };
		190F6A77213FB89300870498 /* JXPagingListContainerView.swift in Sources */ = {isa = PBXBuildFile; fileRef = 190F6A73213FB89300870498 /* JXPagingListContainerView.swift */; };
		1912A541211D2AB700A80826 /* AppDelegate.swift in Sources */ = {isa = PBXBuildFile; fileRef = 1912A540211D2AB700A80826 /* AppDelegate.swift */; };
		1912A543211D2AB700A80826 /* ViewController.swift in Sources */ = {isa = PBXBuildFile; fileRef = 1912A542211D2AB700A80826 /* ViewController.swift */; };
		1912A546211D2AB700A80826 /* Main.storyboard in Resources */ = {isa = PBXBuildFile; fileRef = 1912A544211D2AB700A80826 /* Main.storyboard */; };
		1912A548211D2ABA00A80826 /* Assets.xcassets in Resources */ = {isa = PBXBuildFile; fileRef = 1912A547211D2ABA00A80826 /* Assets.xcassets */; };
		1912A54B211D2ABA00A80826 /* LaunchScreen.storyboard in Resources */ = {isa = PBXBuildFile; fileRef = 1912A549211D2ABA00A80826 /* LaunchScreen.storyboard */; };
		1912A5AA211D2F1500A80826 /* RefreshViewController.swift in Sources */ = {isa = PBXBuildFile; fileRef = 1912A555211D2F1500A80826 /* RefreshViewController.swift */; };
		1912A5AB211D2F1500A80826 /* UIScrollView+MJRefresh.m in Sources */ = {isa = PBXBuildFile; fileRef = 1912A557211D2F1500A80826 /* UIScrollView+MJRefresh.m */; };
		1912A5AC211D2F1500A80826 /* MJRefreshConst.m in Sources */ = {isa = PBXBuildFile; fileRef = 1912A558211D2F1500A80826 /* MJRefreshConst.m */; };
		1912A5AD211D2F1500A80826 /* MJRefresh.bundle in Resources */ = {isa = PBXBuildFile; fileRef = 1912A55C211D2F1500A80826 /* MJRefresh.bundle */; };
		1912A5AE211D2F1500A80826 /* UIScrollView+MJExtension.m in Sources */ = {isa = PBXBuildFile; fileRef = 1912A55E211D2F1500A80826 /* UIScrollView+MJExtension.m */; };
		1912A5AF211D2F1500A80826 /* NSBundle+MJRefresh.m in Sources */ = {isa = PBXBuildFile; fileRef = 1912A561211D2F1500A80826 /* NSBundle+MJRefresh.m */; };
		1912A5B0211D2F1500A80826 /* UIView+MJExtension.m in Sources */ = {isa = PBXBuildFile; fileRef = 1912A562211D2F1500A80826 /* UIView+MJExtension.m */; };
		1912A5B1211D2F1500A80826 /* MJRefreshBackGifFooter.m in Sources */ = {isa = PBXBuildFile; fileRef = 1912A569211D2F1500A80826 /* MJRefreshBackGifFooter.m */; };
		1912A5B2211D2F1500A80826 /* MJRefreshBackStateFooter.m in Sources */ = {isa = PBXBuildFile; fileRef = 1912A56A211D2F1500A80826 /* MJRefreshBackStateFooter.m */; };
		1912A5B3211D2F1500A80826 /* MJRefreshBackNormalFooter.m in Sources */ = {isa = PBXBuildFile; fileRef = 1912A56B211D2F1500A80826 /* MJRefreshBackNormalFooter.m */; };
		1912A5B4211D2F1500A80826 /* MJRefreshAutoStateFooter.m in Sources */ = {isa = PBXBuildFile; fileRef = 1912A570211D2F1500A80826 /* MJRefreshAutoStateFooter.m */; };
		1912A5B5211D2F1500A80826 /* MJRefreshAutoGifFooter.m in Sources */ = {isa = PBXBuildFile; fileRef = 1912A571211D2F1500A80826 /* MJRefreshAutoGifFooter.m */; };
		1912A5B6211D2F1500A80826 /* MJRefreshAutoNormalFooter.m in Sources */ = {isa = PBXBuildFile; fileRef = 1912A572211D2F1500A80826 /* MJRefreshAutoNormalFooter.m */; };
		1912A5B7211D2F1500A80826 /* MJRefreshNormalHeader.m in Sources */ = {isa = PBXBuildFile; fileRef = 1912A574211D2F1500A80826 /* MJRefreshNormalHeader.m */; };
		1912A5B8211D2F1500A80826 /* MJRefreshStateHeader.m in Sources */ = {isa = PBXBuildFile; fileRef = 1912A578211D2F1500A80826 /* MJRefreshStateHeader.m */; };
		1912A5B9211D2F1500A80826 /* MJRefreshGifHeader.m in Sources */ = {isa = PBXBuildFile; fileRef = 1912A579211D2F1500A80826 /* MJRefreshGifHeader.m */; };
		1912A5BA211D2F1500A80826 /* MJRefreshFooter.m in Sources */ = {isa = PBXBuildFile; fileRef = 1912A57B211D2F1500A80826 /* MJRefreshFooter.m */; };
		1912A5BB211D2F1500A80826 /* MJRefreshHeader.m in Sources */ = {isa = PBXBuildFile; fileRef = 1912A57D211D2F1500A80826 /* MJRefreshHeader.m */; };
		1912A5BC211D2F1500A80826 /* MJRefreshBackFooter.m in Sources */ = {isa = PBXBuildFile; fileRef = 1912A57F211D2F1500A80826 /* MJRefreshBackFooter.m */; };
		1912A5BD211D2F1500A80826 /* MJRefreshAutoFooter.m in Sources */ = {isa = PBXBuildFile; fileRef = 1912A580211D2F1500A80826 /* MJRefreshAutoFooter.m */; };
		1912A5BE211D2F1500A80826 /* MJRefreshComponent.m in Sources */ = {isa = PBXBuildFile; fileRef = 1912A582211D2F1500A80826 /* MJRefreshComponent.m */; };
		1912A5C0211D2F1500A80826 /* PagingViewTableHeaderView.swift in Sources */ = {isa = PBXBuildFile; fileRef = 1912A587211D2F1500A80826 /* PagingViewTableHeaderView.swift */; };
		1912A5C1211D2F1500A80826 /* ZoomViewController.swift in Sources */ = {isa = PBXBuildFile; fileRef = 1912A589211D2F1500A80826 /* ZoomViewController.swift */; };
		1912A5C3211D2F1500A80826 /* TestListBaseView.swift in Sources */ = {isa = PBXBuildFile; fileRef = 1912A58B211D2F1500A80826 /* TestListBaseView.swift */; };
		1912A671211D3E8600A80826 /* BaseViewController.swift in Sources */ = {isa = PBXBuildFile; fileRef = 1912A670211D3E8600A80826 /* BaseViewController.swift */; };
		1939226D218C56B100C7B564 /* NestViewController.swift in Sources */ = {isa = PBXBuildFile; fileRef = 1939226C218C56B100C7B564 /* NestViewController.swift */; };
		194DCDD92134F81F000E89EF /* ListRefreshViewController.swift in Sources */ = {isa = PBXBuildFile; fileRef = 194DCDD82134F81F000E89EF /* ListRefreshViewController.swift */; };
		194DCDF121352285000E89EF /* ListRefresh.gif in Resources */ = {isa = PBXBuildFile; fileRef = 194DCDF021352285000E89EF /* ListRefresh.gif */; };
		194DCDF421352689000E89EF /* NaviHiddenViewController.swift in Sources */ = {isa = PBXBuildFile; fileRef = 194DCDF321352689000E89EF /* NaviHiddenViewController.swift */; };
		194DCDF621352CE6000E89EF /* BaseNavigationController.swift in Sources */ = {isa = PBXBuildFile; fileRef = 194DCDF521352CE6000E89EF /* BaseNavigationController.swift */; };
		1968DA692135486F00A51C83 /* NaviHidden.gif in Resources */ = {isa = PBXBuildFile; fileRef = 1968DA682135486F00A51C83 /* NaviHidden.gif */; };
		197D66AE2182FC7600B20483 /* Nest.gif in Resources */ = {isa = PBXBuildFile; fileRef = 197D66AD2182FC7600B20483 /* Nest.gif */; };
		19870C27211D852400C23CAA /* lufei.jpg in Resources */ = {isa = PBXBuildFile; fileRef = 19870C26211D852400C23CAA /* lufei.jpg */; };
		19870C7F2121604F00C23CAA /* Refresh.gif in Resources */ = {isa = PBXBuildFile; fileRef = 19870C7D2121604F00C23CAA /* Refresh.gif */; };
		19870C802121605000C23CAA /* Zoom.gif in Resources */ = {isa = PBXBuildFile; fileRef = 19870C7E2121604F00C23CAA /* Zoom.gif */; };
		19B614C821463D8B00FF4B8E /* TestTableViewCell.swift in Sources */ = {isa = PBXBuildFile; fileRef = 19B614C721463D8B00FF4B8E /* TestTableViewCell.swift */; };
		19C417CA215F18FC0090E518 /* UIWindow+JXSafeArea.swift in Sources */ = {isa = PBXBuildFile; fileRef = 19C417C9215F18FC0090E518 /* UIWindow+JXSafeArea.swift */; };
		19CF1844216C93C40093C775 /* TestListCollectionView.swift in Sources */ = {isa = PBXBuildFile; fileRef = 19CF1843216C93C40093C775 /* TestListCollectionView.swift */; };
		19CF1846216C94D90093C775 /* CollectionViewViewController.swift in Sources */ = {isa = PBXBuildFile; fileRef = 19CF1845216C94D90093C775 /* CollectionViewViewController.swift */; };
		19CF1848216C993D0093C775 /* CollectionViewList.gif in Resources */ = {isa = PBXBuildFile; fileRef = 19CF1847216C993D0093C775 /* CollectionViewList.gif */; };
		19CF1857216DF27A0093C775 /* VCViewController.swift in Sources */ = {isa = PBXBuildFile; fileRef = 19CF1856216DF27A0093C775 /* VCViewController.swift */; };
		19CF1859216DF3230093C775 /* VCListViewController.swift in Sources */ = {isa = PBXBuildFile; fileRef = 19CF1858216DF3230093C775 /* VCListViewController.swift */; };
/* End PBXBuildFile section */

/* Begin PBXFileReference section */
		190639AF21918BAD00153BE9 /* CategoryNestPaging.gif */ = {isa = PBXFileReference; lastKnownFileType = image.gif; path = CategoryNestPaging.gif; sourceTree = "<group>"; };
		190639C02191A18400153BE9 /* JXCategoryIndicatorCell.h */ = {isa = PBXFileReference; fileEncoding = 4; lastKnownFileType = sourcecode.c.h; path = JXCategoryIndicatorCell.h; sourceTree = "<group>"; };
		190639C12191A18400153BE9 /* JXCategoryIndicatorCellModel.h */ = {isa = PBXFileReference; fileEncoding = 4; lastKnownFileType = sourcecode.c.h; path = JXCategoryIndicatorCellModel.h; sourceTree = "<group>"; };
		190639C22191A18400153BE9 /* JXCategoryIndicatorView.h */ = {isa = PBXFileReference; fileEncoding = 4; lastKnownFileType = sourcecode.c.h; path = JXCategoryIndicatorView.h; sourceTree = "<group>"; };
		190639C42191A18400153BE9 /* JXCategoryIndicatorLineView.m */ = {isa = PBXFileReference; fileEncoding = 4; lastKnownFileType = sourcecode.c.objc; path = JXCategoryIndicatorLineView.m; sourceTree = "<group>"; };
		190639C52191A18400153BE9 /* JXCategoryIndicatorTriangleView.m */ = {isa = PBXFileReference; fileEncoding = 4; lastKnownFileType = sourcecode.c.objc; path = JXCategoryIndicatorTriangleView.m; sourceTree = "<group>"; };
		190639C62191A18400153BE9 /* JXCategoryIndicatorBackgroundView.h */ = {isa = PBXFileReference; fileEncoding = 4; lastKnownFileType = sourcecode.c.h; path = JXCategoryIndicatorBackgroundView.h; sourceTree = "<group>"; };
		190639C72191A18400153BE9 /* JXCategoryIndicatorImageView.m */ = {isa = PBXFileReference; fileEncoding = 4; lastKnownFileType = sourcecode.c.objc; path = JXCategoryIndicatorImageView.m; sourceTree = "<group>"; };
		190639C82191A18400153BE9 /* JXCategoryIndicatorBallView.m */ = {isa = PBXFileReference; fileEncoding = 4; lastKnownFileType = sourcecode.c.objc; path = JXCategoryIndicatorBallView.m; sourceTree = "<group>"; };
		190639C92191A18400153BE9 /* JXCategoryIndicatorComponentView.m */ = {isa = PBXFileReference; fileEncoding = 4; lastKnownFileType = sourcecode.c.objc; path = JXCategoryIndicatorComponentView.m; sourceTree = "<group>"; };
		190639CA2191A18400153BE9 /* JXCategoryIndicatorLineView.h */ = {isa = PBXFileReference; fileEncoding = 4; lastKnownFileType = sourcecode.c.h; path = JXCategoryIndicatorLineView.h; sourceTree = "<group>"; };
		190639CB2191A18400153BE9 /* JXCategoryIndicatorTriangleView.h */ = {isa = PBXFileReference; fileEncoding = 4; lastKnownFileType = sourcecode.c.h; path = JXCategoryIndicatorTriangleView.h; sourceTree = "<group>"; };
		190639CC2191A18400153BE9 /* JXCategoryIndicatorBallView.h */ = {isa = PBXFileReference; fileEncoding = 4; lastKnownFileType = sourcecode.c.h; path = JXCategoryIndicatorBallView.h; sourceTree = "<group>"; };
		190639CD2191A18400153BE9 /* JXCategoryIndicatorImageView.h */ = {isa = PBXFileReference; fileEncoding = 4; lastKnownFileType = sourcecode.c.h; path = JXCategoryIndicatorImageView.h; sourceTree = "<group>"; };
		190639CE2191A18400153BE9 /* JXCategoryIndicatorBackgroundView.m */ = {isa = PBXFileReference; fileEncoding = 4; lastKnownFileType = sourcecode.c.objc; path = JXCategoryIndicatorBackgroundView.m; sourceTree = "<group>"; };
		190639CF2191A18400153BE9 /* JXCategoryIndicatorComponentView.h */ = {isa = PBXFileReference; fileEncoding = 4; lastKnownFileType = sourcecode.c.h; path = JXCategoryIndicatorComponentView.h; sourceTree = "<group>"; };
		190639D02191A18400153BE9 /* JXCategoryIndicatorCellModel.m */ = {isa = PBXFileReference; fileEncoding = 4; lastKnownFileType = sourcecode.c.objc; path = JXCategoryIndicatorCellModel.m; sourceTree = "<group>"; };
		190639D12191A18400153BE9 /* JXCategoryIndicatorCell.m */ = {isa = PBXFileReference; fileEncoding = 4; lastKnownFileType = sourcecode.c.objc; path = JXCategoryIndicatorCell.m; sourceTree = "<group>"; };
		190639D22191A18400153BE9 /* JXCategoryIndicatorView.m */ = {isa = PBXFileReference; fileEncoding = 4; lastKnownFileType = sourcecode.c.objc; path = JXCategoryIndicatorView.m; sourceTree = "<group>"; };
		190639D42191A18400153BE9 /* JXCategoryDotCell.m */ = {isa = PBXFileReference; fileEncoding = 4; lastKnownFileType = sourcecode.c.objc; path = JXCategoryDotCell.m; sourceTree = "<group>"; };
		190639D52191A18400153BE9 /* JXCategoryDotCellModel.h */ = {isa = PBXFileReference; fileEncoding = 4; lastKnownFileType = sourcecode.c.h; path = JXCategoryDotCellModel.h; sourceTree = "<group>"; };
		190639D62191A18400153BE9 /* JXCategoryDotView.m */ = {isa = PBXFileReference; fileEncoding = 4; lastKnownFileType = sourcecode.c.objc; path = JXCategoryDotView.m; sourceTree = "<group>"; };
		190639D72191A18400153BE9 /* JXCategoryDotCell.h */ = {isa = PBXFileReference; fileEncoding = 4; lastKnownFileType = sourcecode.c.h; path = JXCategoryDotCell.h; sourceTree = "<group>"; };
		190639D82191A18400153BE9 /* JXCategoryDotView.h */ = {isa = PBXFileReference; fileEncoding = 4; lastKnownFileType = sourcecode.c.h; path = JXCategoryDotView.h; sourceTree = "<group>"; };
		190639D92191A18400153BE9 /* JXCategoryDotCellModel.m */ = {isa = PBXFileReference; fileEncoding = 4; lastKnownFileType = sourcecode.c.objc; path = JXCategoryDotCellModel.m; sourceTree = "<group>"; };
		190639DB2191A18400153BE9 /* JXCategoryTitleImageView.m */ = {isa = PBXFileReference; fileEncoding = 4; lastKnownFileType = sourcecode.c.objc; path = JXCategoryTitleImageView.m; sourceTree = "<group>"; };
		190639DC2191A18400153BE9 /* JXCategoryTitleImageCell.m */ = {isa = PBXFileReference; fileEncoding = 4; lastKnownFileType = sourcecode.c.objc; path = JXCategoryTitleImageCell.m; sourceTree = "<group>"; };
		190639DD2191A18400153BE9 /* JXCategoryTitleImageCellModel.h */ = {isa = PBXFileReference; fileEncoding = 4; lastKnownFileType = sourcecode.c.h; path = JXCategoryTitleImageCellModel.h; sourceTree = "<group>"; };
		190639DE2191A18400153BE9 /* JXCategoryTitleImageView.h */ = {isa = PBXFileReference; fileEncoding = 4; lastKnownFileType = sourcecode.c.h; path = JXCategoryTitleImageView.h; sourceTree = "<group>"; };
		190639DF2191A18400153BE9 /* JXCategoryTitleImageCellModel.m */ = {isa = PBXFileReference; fileEncoding = 4; lastKnownFileType = sourcecode.c.objc; path = JXCategoryTitleImageCellModel.m; sourceTree = "<group>"; };
		190639E02191A18400153BE9 /* JXCategoryTitleImageCell.h */ = {isa = PBXFileReference; fileEncoding = 4; lastKnownFileType = sourcecode.c.h; path = JXCategoryTitleImageCell.h; sourceTree = "<group>"; };
		190639E22191A18400153BE9 /* JXCategoryTitleCellModel.h */ = {isa = PBXFileReference; fileEncoding = 4; lastKnownFileType = sourcecode.c.h; path = JXCategoryTitleCellModel.h; sourceTree = "<group>"; };
		190639E32191A18400153BE9 /* JXCategoryTitleCell.h */ = {isa = PBXFileReference; fileEncoding = 4; lastKnownFileType = sourcecode.c.h; path = JXCategoryTitleCell.h; sourceTree = "<group>"; };
		190639E42191A18400153BE9 /* JXCategoryTitleView.h */ = {isa = PBXFileReference; fileEncoding = 4; lastKnownFileType = sourcecode.c.h; path = JXCategoryTitleView.h; sourceTree = "<group>"; };
		190639E52191A18400153BE9 /* JXCategoryTitleCellModel.m */ = {isa = PBXFileReference; fileEncoding = 4; lastKnownFileType = sourcecode.c.objc; path = JXCategoryTitleCellModel.m; sourceTree = "<group>"; };
		190639E62191A18400153BE9 /* JXCategoryTitleCell.m */ = {isa = PBXFileReference; fileEncoding = 4; lastKnownFileType = sourcecode.c.objc; path = JXCategoryTitleCell.m; sourceTree = "<group>"; };
		190639E72191A18400153BE9 /* JXCategoryTitleView.m */ = {isa = PBXFileReference; fileEncoding = 4; lastKnownFileType = sourcecode.c.objc; path = JXCategoryTitleView.m; sourceTree = "<group>"; };
		190639E82191A18400153BE9 /* JXCategoryView.h */ = {isa = PBXFileReference; fileEncoding = 4; lastKnownFileType = sourcecode.c.h; path = JXCategoryView.h; sourceTree = "<group>"; };
		190639EA2191A18400153BE9 /* JXCategoryImageView.m */ = {isa = PBXFileReference; fileEncoding = 4; lastKnownFileType = sourcecode.c.objc; path = JXCategoryImageView.m; sourceTree = "<group>"; };
		190639EB2191A18400153BE9 /* JXCategoryImageCell.m */ = {isa = PBXFileReference; fileEncoding = 4; lastKnownFileType = sourcecode.c.objc; path = JXCategoryImageCell.m; sourceTree = "<group>"; };
		190639EC2191A18400153BE9 /* JXCategoryImageCellModel.h */ = {isa = PBXFileReference; fileEncoding = 4; lastKnownFileType = sourcecode.c.h; path = JXCategoryImageCellModel.h; sourceTree = "<group>"; };
		190639ED2191A18400153BE9 /* JXCategoryImageView.h */ = {isa = PBXFileReference; fileEncoding = 4; lastKnownFileType = sourcecode.c.h; path = JXCategoryImageView.h; sourceTree = "<group>"; };
		190639EE2191A18400153BE9 /* JXCategoryImageCell.h */ = {isa = PBXFileReference; fileEncoding = 4; lastKnownFileType = sourcecode.c.h; path = JXCategoryImageCell.h; sourceTree = "<group>"; };
		190639EF2191A18400153BE9 /* JXCategoryImageCellModel.m */ = {isa = PBXFileReference; fileEncoding = 4; lastKnownFileType = sourcecode.c.objc; path = JXCategoryImageCellModel.m; sourceTree = "<group>"; };
		190639F12191A18400153BE9 /* JXCategoryNumberCellModel.h */ = {isa = PBXFileReference; fileEncoding = 4; lastKnownFileType = sourcecode.c.h; path = JXCategoryNumberCellModel.h; sourceTree = "<group>"; };
		190639F22191A18400153BE9 /* JXCategoryNumberView.m */ = {isa = PBXFileReference; fileEncoding = 4; lastKnownFileType = sourcecode.c.objc; path = JXCategoryNumberView.m; sourceTree = "<group>"; };
		190639F32191A18400153BE9 /* JXCategoryNumberCell.m */ = {isa = PBXFileReference; fileEncoding = 4; lastKnownFileType = sourcecode.c.objc; path = JXCategoryNumberCell.m; sourceTree = "<group>"; };
		190639F42191A18400153BE9 /* JXCategoryNumberCellModel.m */ = {isa = PBXFileReference; fileEncoding = 4; lastKnownFileType = sourcecode.c.objc; path = JXCategoryNumberCellModel.m; sourceTree = "<group>"; };
		190639F52191A18400153BE9 /* JXCategoryNumberView.h */ = {isa = PBXFileReference; fileEncoding = 4; lastKnownFileType = sourcecode.c.h; path = JXCategoryNumberView.h; sourceTree = "<group>"; };
		190639F62191A18400153BE9 /* JXCategoryNumberCell.h */ = {isa = PBXFileReference; fileEncoding = 4; lastKnownFileType = sourcecode.c.h; path = JXCategoryNumberCell.h; sourceTree = "<group>"; };
		190639F82191A18400153BE9 /* JXCategoryCollectionView.h */ = {isa = PBXFileReference; fileEncoding = 4; lastKnownFileType = sourcecode.c.h; path = JXCategoryCollectionView.h; sourceTree = "<group>"; };
		190639F92191A18400153BE9 /* JXCategoryListVCContainerView.m */ = {isa = PBXFileReference; fileEncoding = 4; lastKnownFileType = sourcecode.c.objc; path = JXCategoryListVCContainerView.m; sourceTree = "<group>"; };
		190639FA2191A18400153BE9 /* JXCategoryIndicatorProtocol.h */ = {isa = PBXFileReference; fileEncoding = 4; lastKnownFileType = sourcecode.c.h; path = JXCategoryIndicatorProtocol.h; sourceTree = "<group>"; };
		190639FB2191A18400153BE9 /* JXCategoryViewDefines.h */ = {isa = PBXFileReference; fileEncoding = 4; lastKnownFileType = sourcecode.c.h; path = JXCategoryViewDefines.h; sourceTree = "<group>"; };
		190639FC2191A18400153BE9 /* JXCategoryFactory.m */ = {isa = PBXFileReference; fileEncoding = 4; lastKnownFileType = sourcecode.c.objc; path = JXCategoryFactory.m; sourceTree = "<group>"; };
		190639FD2191A18400153BE9 /* UIColor+JXAdd.h */ = {isa = PBXFileReference; fileEncoding = 4; lastKnownFileType = sourcecode.c.h; path = "UIColor+JXAdd.h"; sourceTree = "<group>"; };
		190639FE2191A18400153BE9 /* JXCategoryCollectionView.m */ = {isa = PBXFileReference; fileEncoding = 4; lastKnownFileType = sourcecode.c.objc; path = JXCategoryCollectionView.m; sourceTree = "<group>"; };
		190639FF2191A18400153BE9 /* JXCategoryListVCContainerView.h */ = {isa = PBXFileReference; fileEncoding = 4; lastKnownFileType = sourcecode.c.h; path = JXCategoryListVCContainerView.h; sourceTree = "<group>"; };
		19063A002191A18400153BE9 /* UIColor+JXAdd.m */ = {isa = PBXFileReference; fileEncoding = 4; lastKnownFileType = sourcecode.c.objc; path = "UIColor+JXAdd.m"; sourceTree = "<group>"; };
		19063A012191A18400153BE9 /* JXCategoryFactory.h */ = {isa = PBXFileReference; fileEncoding = 4; lastKnownFileType = sourcecode.c.h; path = JXCategoryFactory.h; sourceTree = "<group>"; };
		19063A032191A18400153BE9 /* JXCategoryBaseView.h */ = {isa = PBXFileReference; fileEncoding = 4; lastKnownFileType = sourcecode.c.h; path = JXCategoryBaseView.h; sourceTree = "<group>"; };
		19063A042191A18400153BE9 /* JXCategoryBaseCell.h */ = {isa = PBXFileReference; fileEncoding = 4; lastKnownFileType = sourcecode.c.h; path = JXCategoryBaseCell.h; sourceTree = "<group>"; };
		19063A052191A18400153BE9 /* JXCategoryBaseCellModel.h */ = {isa = PBXFileReference; fileEncoding = 4; lastKnownFileType = sourcecode.c.h; path = JXCategoryBaseCellModel.h; sourceTree = "<group>"; };
		19063A062191A18400153BE9 /* JXCategoryBaseView.m */ = {isa = PBXFileReference; fileEncoding = 4; lastKnownFileType = sourcecode.c.objc; path = JXCategoryBaseView.m; sourceTree = "<group>"; };
		19063A072191A18400153BE9 /* JXCategoryBaseCell.m */ = {isa = PBXFileReference; fileEncoding = 4; lastKnownFileType = sourcecode.c.objc; path = JXCategoryBaseCell.m; sourceTree = "<group>"; };
		19063A082191A18400153BE9 /* JXCategoryBaseCellModel.m */ = {isa = PBXFileReference; fileEncoding = 4; lastKnownFileType = sourcecode.c.objc; path = JXCategoryBaseCellModel.m; sourceTree = "<group>"; };
		190F6A70213FB89300870498 /* JXPagingMainTableView.swift */ = {isa = PBXFileReference; fileEncoding = 4; lastKnownFileType = sourcecode.swift; path = JXPagingMainTableView.swift; sourceTree = "<group>"; };
		190F6A71213FB89300870498 /* JXPagingView.swift */ = {isa = PBXFileReference; fileEncoding = 4; lastKnownFileType = sourcecode.swift; path = JXPagingView.swift; sourceTree = "<group>"; };
		190F6A72213FB89300870498 /* JXPagingListRefreshView.swift */ = {isa = PBXFileReference; fileEncoding = 4; lastKnownFileType = sourcecode.swift; path = JXPagingListRefreshView.swift; sourceTree = "<group>"; };
		190F6A73213FB89300870498 /* JXPagingListContainerView.swift */ = {isa = PBXFileReference; fileEncoding = 4; lastKnownFileType = sourcecode.swift; path = JXPagingListContainerView.swift; sourceTree = "<group>"; };
		1912A53D211D2AB700A80826 /* JXPagingView.app */ = {isa = PBXFileReference; explicitFileType = wrapper.application; includeInIndex = 0; path = JXPagingView.app; sourceTree = BUILT_PRODUCTS_DIR; };
		1912A540211D2AB700A80826 /* AppDelegate.swift */ = {isa = PBXFileReference; lastKnownFileType = sourcecode.swift; path = AppDelegate.swift; sourceTree = "<group>"; };
		1912A542211D2AB700A80826 /* ViewController.swift */ = {isa = PBXFileReference; lastKnownFileType = sourcecode.swift; path = ViewController.swift; sourceTree = "<group>"; };
		1912A545211D2AB700A80826 /* Base */ = {isa = PBXFileReference; lastKnownFileType = file.storyboard; name = Base; path = Base.lproj/Main.storyboard; sourceTree = "<group>"; };
		1912A547211D2ABA00A80826 /* Assets.xcassets */ = {isa = PBXFileReference; lastKnownFileType = folder.assetcatalog; path = Assets.xcassets; sourceTree = "<group>"; };
		1912A54A211D2ABA00A80826 /* Base */ = {isa = PBXFileReference; lastKnownFileType = file.storyboard; name = Base; path = Base.lproj/LaunchScreen.storyboard; sourceTree = "<group>"; };
		1912A54C211D2ABA00A80826 /* Info.plist */ = {isa = PBXFileReference; lastKnownFileType = text.plist.xml; path = Info.plist; sourceTree = "<group>"; };
		1912A555211D2F1500A80826 /* RefreshViewController.swift */ = {isa = PBXFileReference; fileEncoding = 4; lastKnownFileType = sourcecode.swift; path = RefreshViewController.swift; sourceTree = "<group>"; };
		1912A557211D2F1500A80826 /* UIScrollView+MJRefresh.m */ = {isa = PBXFileReference; fileEncoding = 4; lastKnownFileType = sourcecode.c.objc; path = "UIScrollView+MJRefresh.m"; sourceTree = "<group>"; };
		1912A558211D2F1500A80826 /* MJRefreshConst.m */ = {isa = PBXFileReference; fileEncoding = 4; lastKnownFileType = sourcecode.c.objc; path = MJRefreshConst.m; sourceTree = "<group>"; };
		1912A559211D2F1500A80826 /* UIScrollView+MJExtension.h */ = {isa = PBXFileReference; fileEncoding = 4; lastKnownFileType = sourcecode.c.h; path = "UIScrollView+MJExtension.h"; sourceTree = "<group>"; };
		1912A55A211D2F1500A80826 /* MJRefresh.h */ = {isa = PBXFileReference; fileEncoding = 4; lastKnownFileType = sourcecode.c.h; path = MJRefresh.h; sourceTree = "<group>"; };
		1912A55B211D2F1500A80826 /* NSBundle+MJRefresh.h */ = {isa = PBXFileReference; fileEncoding = 4; lastKnownFileType = sourcecode.c.h; path = "NSBundle+MJRefresh.h"; sourceTree = "<group>"; };
		1912A55C211D2F1500A80826 /* MJRefresh.bundle */ = {isa = PBXFileReference; lastKnownFileType = "wrapper.plug-in"; path = MJRefresh.bundle; sourceTree = "<group>"; };
		1912A55D211D2F1500A80826 /* UIView+MJExtension.h */ = {isa = PBXFileReference; fileEncoding = 4; lastKnownFileType = sourcecode.c.h; path = "UIView+MJExtension.h"; sourceTree = "<group>"; };
		1912A55E211D2F1500A80826 /* UIScrollView+MJExtension.m */ = {isa = PBXFileReference; fileEncoding = 4; lastKnownFileType = sourcecode.c.objc; path = "UIScrollView+MJExtension.m"; sourceTree = "<group>"; };
		1912A55F211D2F1500A80826 /* MJRefreshConst.h */ = {isa = PBXFileReference; fileEncoding = 4; lastKnownFileType = sourcecode.c.h; path = MJRefreshConst.h; sourceTree = "<group>"; };
		1912A560211D2F1500A80826 /* UIScrollView+MJRefresh.h */ = {isa = PBXFileReference; fileEncoding = 4; lastKnownFileType = sourcecode.c.h; path = "UIScrollView+MJRefresh.h"; sourceTree = "<group>"; };
		1912A561211D2F1500A80826 /* NSBundle+MJRefresh.m */ = {isa = PBXFileReference; fileEncoding = 4; lastKnownFileType = sourcecode.c.objc; path = "NSBundle+MJRefresh.m"; sourceTree = "<group>"; };
		1912A562211D2F1500A80826 /* UIView+MJExtension.m */ = {isa = PBXFileReference; fileEncoding = 4; lastKnownFileType = sourcecode.c.objc; path = "UIView+MJExtension.m"; sourceTree = "<group>"; };
		1912A566211D2F1500A80826 /* MJRefreshBackGifFooter.h */ = {isa = PBXFileReference; fileEncoding = 4; lastKnownFileType = sourcecode.c.h; path = MJRefreshBackGifFooter.h; sourceTree = "<group>"; };
		1912A567211D2F1500A80826 /* MJRefreshBackStateFooter.h */ = {isa = PBXFileReference; fileEncoding = 4; lastKnownFileType = sourcecode.c.h; path = MJRefreshBackStateFooter.h; sourceTree = "<group>"; };
		1912A568211D2F1500A80826 /* MJRefreshBackNormalFooter.h */ = {isa = PBXFileReference; fileEncoding = 4; lastKnownFileType = sourcecode.c.h; path = MJRefreshBackNormalFooter.h; sourceTree = "<group>"; };
		1912A569211D2F1500A80826 /* MJRefreshBackGifFooter.m */ = {isa = PBXFileReference; fileEncoding = 4; lastKnownFileType = sourcecode.c.objc; path = MJRefreshBackGifFooter.m; sourceTree = "<group>"; };
		1912A56A211D2F1500A80826 /* MJRefreshBackStateFooter.m */ = {isa = PBXFileReference; fileEncoding = 4; lastKnownFileType = sourcecode.c.objc; path = MJRefreshBackStateFooter.m; sourceTree = "<group>"; };
		1912A56B211D2F1500A80826 /* MJRefreshBackNormalFooter.m */ = {isa = PBXFileReference; fileEncoding = 4; lastKnownFileType = sourcecode.c.objc; path = MJRefreshBackNormalFooter.m; sourceTree = "<group>"; };
		1912A56D211D2F1500A80826 /* MJRefreshAutoStateFooter.h */ = {isa = PBXFileReference; fileEncoding = 4; lastKnownFileType = sourcecode.c.h; path = MJRefreshAutoStateFooter.h; sourceTree = "<group>"; };
		1912A56E211D2F1500A80826 /* MJRefreshAutoNormalFooter.h */ = {isa = PBXFileReference; fileEncoding = 4; lastKnownFileType = sourcecode.c.h; path = MJRefreshAutoNormalFooter.h; sourceTree = "<group>"; };
		1912A56F211D2F1500A80826 /* MJRefreshAutoGifFooter.h */ = {isa = PBXFileReference; fileEncoding = 4; lastKnownFileType = sourcecode.c.h; path = MJRefreshAutoGifFooter.h; sourceTree = "<group>"; };
		1912A570211D2F1500A80826 /* MJRefreshAutoStateFooter.m */ = {isa = PBXFileReference; fileEncoding = 4; lastKnownFileType = sourcecode.c.objc; path = MJRefreshAutoStateFooter.m; sourceTree = "<group>"; };
		1912A571211D2F1500A80826 /* MJRefreshAutoGifFooter.m */ = {isa = PBXFileReference; fileEncoding = 4; lastKnownFileType = sourcecode.c.objc; path = MJRefreshAutoGifFooter.m; sourceTree = "<group>"; };
		1912A572211D2F1500A80826 /* MJRefreshAutoNormalFooter.m */ = {isa = PBXFileReference; fileEncoding = 4; lastKnownFileType = sourcecode.c.objc; path = MJRefreshAutoNormalFooter.m; sourceTree = "<group>"; };
		1912A574211D2F1500A80826 /* MJRefreshNormalHeader.m */ = {isa = PBXFileReference; fileEncoding = 4; lastKnownFileType = sourcecode.c.objc; path = MJRefreshNormalHeader.m; sourceTree = "<group>"; };
		1912A575211D2F1500A80826 /* MJRefreshStateHeader.h */ = {isa = PBXFileReference; fileEncoding = 4; lastKnownFileType = sourcecode.c.h; path = MJRefreshStateHeader.h; sourceTree = "<group>"; };
		1912A576211D2F1500A80826 /* MJRefreshGifHeader.h */ = {isa = PBXFileReference; fileEncoding = 4; lastKnownFileType = sourcecode.c.h; path = MJRefreshGifHeader.h; sourceTree = "<group>"; };
		1912A577211D2F1500A80826 /* MJRefreshNormalHeader.h */ = {isa = PBXFileReference; fileEncoding = 4; lastKnownFileType = sourcecode.c.h; path = MJRefreshNormalHeader.h; sourceTree = "<group>"; };
		1912A578211D2F1500A80826 /* MJRefreshStateHeader.m */ = {isa = PBXFileReference; fileEncoding = 4; lastKnownFileType = sourcecode.c.objc; path = MJRefreshStateHeader.m; sourceTree = "<group>"; };
		1912A579211D2F1500A80826 /* MJRefreshGifHeader.m */ = {isa = PBXFileReference; fileEncoding = 4; lastKnownFileType = sourcecode.c.objc; path = MJRefreshGifHeader.m; sourceTree = "<group>"; };
		1912A57B211D2F1500A80826 /* MJRefreshFooter.m */ = {isa = PBXFileReference; fileEncoding = 4; lastKnownFileType = sourcecode.c.objc; path = MJRefreshFooter.m; sourceTree = "<group>"; };
		1912A57C211D2F1500A80826 /* MJRefreshComponent.h */ = {isa = PBXFileReference; fileEncoding = 4; lastKnownFileType = sourcecode.c.h; path = MJRefreshComponent.h; sourceTree = "<group>"; };
		1912A57D211D2F1500A80826 /* MJRefreshHeader.m */ = {isa = PBXFileReference; fileEncoding = 4; lastKnownFileType = sourcecode.c.objc; path = MJRefreshHeader.m; sourceTree = "<group>"; };
		1912A57E211D2F1500A80826 /* MJRefreshAutoFooter.h */ = {isa = PBXFileReference; fileEncoding = 4; lastKnownFileType = sourcecode.c.h; path = MJRefreshAutoFooter.h; sourceTree = "<group>"; };
		1912A57F211D2F1500A80826 /* MJRefreshBackFooter.m */ = {isa = PBXFileReference; fileEncoding = 4; lastKnownFileType = sourcecode.c.objc; path = MJRefreshBackFooter.m; sourceTree = "<group>"; };
		1912A580211D2F1500A80826 /* MJRefreshAutoFooter.m */ = {isa = PBXFileReference; fileEncoding = 4; lastKnownFileType = sourcecode.c.objc; path = MJRefreshAutoFooter.m; sourceTree = "<group>"; };
		1912A581211D2F1500A80826 /* MJRefreshHeader.h */ = {isa = PBXFileReference; fileEncoding = 4; lastKnownFileType = sourcecode.c.h; path = MJRefreshHeader.h; sourceTree = "<group>"; };
		1912A582211D2F1500A80826 /* MJRefreshComponent.m */ = {isa = PBXFileReference; fileEncoding = 4; lastKnownFileType = sourcecode.c.objc; path = MJRefreshComponent.m; sourceTree = "<group>"; };
		1912A583211D2F1500A80826 /* MJRefreshFooter.h */ = {isa = PBXFileReference; fileEncoding = 4; lastKnownFileType = sourcecode.c.h; path = MJRefreshFooter.h; sourceTree = "<group>"; };
		1912A584211D2F1500A80826 /* MJRefreshBackFooter.h */ = {isa = PBXFileReference; fileEncoding = 4; lastKnownFileType = sourcecode.c.h; path = MJRefreshBackFooter.h; sourceTree = "<group>"; };
		1912A587211D2F1500A80826 /* PagingViewTableHeaderView.swift */ = {isa = PBXFileReference; fileEncoding = 4; lastKnownFileType = sourcecode.swift; path = PagingViewTableHeaderView.swift; sourceTree = "<group>"; };
		1912A589211D2F1500A80826 /* ZoomViewController.swift */ = {isa = PBXFileReference; fileEncoding = 4; lastKnownFileType = sourcecode.swift; path = ZoomViewController.swift; sourceTree = "<group>"; };
		1912A58B211D2F1500A80826 /* TestListBaseView.swift */ = {isa = PBXFileReference; fileEncoding = 4; lastKnownFileType = sourcecode.swift; path = TestListBaseView.swift; sourceTree = "<group>"; };
		1912A5D3211D2FDC00A80826 /* Swift-Bridge-Objective-C.h */ = {isa = PBXFileReference; fileEncoding = 4; lastKnownFileType = sourcecode.c.h; path = "Swift-Bridge-Objective-C.h"; sourceTree = "<group>"; };
		1912A670211D3E8600A80826 /* BaseViewController.swift */ = {isa = PBXFileReference; lastKnownFileType = sourcecode.swift; path = BaseViewController.swift; sourceTree = "<group>"; };
		1939226C218C56B100C7B564 /* NestViewController.swift */ = {isa = PBXFileReference; lastKnownFileType = sourcecode.swift; path = NestViewController.swift; sourceTree = "<group>"; };
		194DCDD82134F81F000E89EF /* ListRefreshViewController.swift */ = {isa = PBXFileReference; lastKnownFileType = sourcecode.swift; path = ListRefreshViewController.swift; sourceTree = "<group>"; };
		194DCDF021352285000E89EF /* ListRefresh.gif */ = {isa = PBXFileReference; lastKnownFileType = image.gif; path = ListRefresh.gif; sourceTree = "<group>"; };
		194DCDF321352689000E89EF /* NaviHiddenViewController.swift */ = {isa = PBXFileReference; lastKnownFileType = sourcecode.swift; path = NaviHiddenViewController.swift; sourceTree = "<group>"; };
		194DCDF521352CE6000E89EF /* BaseNavigationController.swift */ = {isa = PBXFileReference; lastKnownFileType = sourcecode.swift; path = BaseNavigationController.swift; sourceTree = "<group>"; };
		1968DA682135486F00A51C83 /* NaviHidden.gif */ = {isa = PBXFileReference; lastKnownFileType = image.gif; path = NaviHidden.gif; sourceTree = "<group>"; };
		197D66AD2182FC7600B20483 /* Nest.gif */ = {isa = PBXFileReference; lastKnownFileType = image.gif; path = Nest.gif; sourceTree = "<group>"; };
		19870C26211D852400C23CAA /* lufei.jpg */ = {isa = PBXFileReference; lastKnownFileType = image.jpeg; path = lufei.jpg; sourceTree = "<group>"; };
		19870C7D2121604F00C23CAA /* Refresh.gif */ = {isa = PBXFileReference; lastKnownFileType = image.gif; path = Refresh.gif; sourceTree = "<group>"; };
		19870C7E2121604F00C23CAA /* Zoom.gif */ = {isa = PBXFileReference; lastKnownFileType = image.gif; path = Zoom.gif; sourceTree = "<group>"; };
		19B614C721463D8B00FF4B8E /* TestTableViewCell.swift */ = {isa = PBXFileReference; lastKnownFileType = sourcecode.swift; path = TestTableViewCell.swift; sourceTree = "<group>"; };
		19C417C9215F18FC0090E518 /* UIWindow+JXSafeArea.swift */ = {isa = PBXFileReference; lastKnownFileType = sourcecode.swift; path = "UIWindow+JXSafeArea.swift"; sourceTree = "<group>"; };
		19CF1843216C93C40093C775 /* TestListCollectionView.swift */ = {isa = PBXFileReference; lastKnownFileType = sourcecode.swift; path = TestListCollectionView.swift; sourceTree = "<group>"; };
		19CF1845216C94D90093C775 /* CollectionViewViewController.swift */ = {isa = PBXFileReference; lastKnownFileType = sourcecode.swift; path = CollectionViewViewController.swift; sourceTree = "<group>"; };
		19CF1847216C993D0093C775 /* CollectionViewList.gif */ = {isa = PBXFileReference; lastKnownFileType = image.gif; path = CollectionViewList.gif; sourceTree = "<group>"; };
		19CF1856216DF27A0093C775 /* VCViewController.swift */ = {isa = PBXFileReference; lastKnownFileType = sourcecode.swift; path = VCViewController.swift; sourceTree = "<group>"; };
		19CF1858216DF3230093C775 /* VCListViewController.swift */ = {isa = PBXFileReference; lastKnownFileType = sourcecode.swift; path = VCListViewController.swift; sourceTree = "<group>"; };
/* End PBXFileReference section */

/* Begin PBXFrameworksBuildPhase section */
		1912A53A211D2AB700A80826 /* Frameworks */ = {
			isa = PBXFrameworksBuildPhase;
			buildActionMask = 2147483647;
			files = (
			);
			runOnlyForDeploymentPostprocessing = 0;
		};
/* End PBXFrameworksBuildPhase section */

/* Begin PBXGroup section */
		190639BE2191A18400153BE9 /* JXCategoryView */ = {
			isa = PBXGroup;
			children = (
				190639BF2191A18400153BE9 /* Indicator */,
				190639D32191A18400153BE9 /* Dot */,
				190639DA2191A18400153BE9 /* TitleImage */,
				190639E12191A18400153BE9 /* Title */,
				190639E82191A18400153BE9 /* JXCategoryView.h */,
				190639E92191A18400153BE9 /* Image */,
				190639F02191A18400153BE9 /* Number */,
				190639F72191A18400153BE9 /* Common */,
				19063A022191A18400153BE9 /* Base */,
			);
			path = JXCategoryView;
			sourceTree = "<group>";
		};
		190639BF2191A18400153BE9 /* Indicator */ = {
			isa = PBXGroup;
			children = (
				190639C02191A18400153BE9 /* JXCategoryIndicatorCell.h */,
				190639C12191A18400153BE9 /* JXCategoryIndicatorCellModel.h */,
				190639C22191A18400153BE9 /* JXCategoryIndicatorView.h */,
				190639C32191A18400153BE9 /* IndicatorViews */,
				190639D02191A18400153BE9 /* JXCategoryIndicatorCellModel.m */,
				190639D12191A18400153BE9 /* JXCategoryIndicatorCell.m */,
				190639D22191A18400153BE9 /* JXCategoryIndicatorView.m */,
			);
			path = Indicator;
			sourceTree = "<group>";
		};
		190639C32191A18400153BE9 /* IndicatorViews */ = {
			isa = PBXGroup;
			children = (
				190639C42191A18400153BE9 /* JXCategoryIndicatorLineView.m */,
				190639C52191A18400153BE9 /* JXCategoryIndicatorTriangleView.m */,
				190639C62191A18400153BE9 /* JXCategoryIndicatorBackgroundView.h */,
				190639C72191A18400153BE9 /* JXCategoryIndicatorImageView.m */,
				190639C82191A18400153BE9 /* JXCategoryIndicatorBallView.m */,
				190639C92191A18400153BE9 /* JXCategoryIndicatorComponentView.m */,
				190639CA2191A18400153BE9 /* JXCategoryIndicatorLineView.h */,
				190639CB2191A18400153BE9 /* JXCategoryIndicatorTriangleView.h */,
				190639CC2191A18400153BE9 /* JXCategoryIndicatorBallView.h */,
				190639CD2191A18400153BE9 /* JXCategoryIndicatorImageView.h */,
				190639CE2191A18400153BE9 /* JXCategoryIndicatorBackgroundView.m */,
				190639CF2191A18400153BE9 /* JXCategoryIndicatorComponentView.h */,
			);
			path = IndicatorViews;
			sourceTree = "<group>";
		};
		190639D32191A18400153BE9 /* Dot */ = {
			isa = PBXGroup;
			children = (
				190639D42191A18400153BE9 /* JXCategoryDotCell.m */,
				190639D52191A18400153BE9 /* JXCategoryDotCellModel.h */,
				190639D62191A18400153BE9 /* JXCategoryDotView.m */,
				190639D72191A18400153BE9 /* JXCategoryDotCell.h */,
				190639D82191A18400153BE9 /* JXCategoryDotView.h */,
				190639D92191A18400153BE9 /* JXCategoryDotCellModel.m */,
			);
			path = Dot;
			sourceTree = "<group>";
		};
		190639DA2191A18400153BE9 /* TitleImage */ = {
			isa = PBXGroup;
			children = (
				190639DB2191A18400153BE9 /* JXCategoryTitleImageView.m */,
				190639DC2191A18400153BE9 /* JXCategoryTitleImageCell.m */,
				190639DD2191A18400153BE9 /* JXCategoryTitleImageCellModel.h */,
				190639DE2191A18400153BE9 /* JXCategoryTitleImageView.h */,
				190639DF2191A18400153BE9 /* JXCategoryTitleImageCellModel.m */,
				190639E02191A18400153BE9 /* JXCategoryTitleImageCell.h */,
			);
			path = TitleImage;
			sourceTree = "<group>";
		};
		190639E12191A18400153BE9 /* Title */ = {
			isa = PBXGroup;
			children = (
				190639E22191A18400153BE9 /* JXCategoryTitleCellModel.h */,
				190639E32191A18400153BE9 /* JXCategoryTitleCell.h */,
				190639E42191A18400153BE9 /* JXCategoryTitleView.h */,
				190639E52191A18400153BE9 /* JXCategoryTitleCellModel.m */,
				190639E62191A18400153BE9 /* JXCategoryTitleCell.m */,
				190639E72191A18400153BE9 /* JXCategoryTitleView.m */,
			);
			path = Title;
			sourceTree = "<group>";
		};
		190639E92191A18400153BE9 /* Image */ = {
			isa = PBXGroup;
			children = (
				190639EA2191A18400153BE9 /* JXCategoryImageView.m */,
				190639EB2191A18400153BE9 /* JXCategoryImageCell.m */,
				190639EC2191A18400153BE9 /* JXCategoryImageCellModel.h */,
				190639ED2191A18400153BE9 /* JXCategoryImageView.h */,
				190639EE2191A18400153BE9 /* JXCategoryImageCell.h */,
				190639EF2191A18400153BE9 /* JXCategoryImageCellModel.m */,
			);
			path = Image;
			sourceTree = "<group>";
		};
		190639F02191A18400153BE9 /* Number */ = {
			isa = PBXGroup;
			children = (
				190639F12191A18400153BE9 /* JXCategoryNumberCellModel.h */,
				190639F22191A18400153BE9 /* JXCategoryNumberView.m */,
				190639F32191A18400153BE9 /* JXCategoryNumberCell.m */,
				190639F42191A18400153BE9 /* JXCategoryNumberCellModel.m */,
				190639F52191A18400153BE9 /* JXCategoryNumberView.h */,
				190639F62191A18400153BE9 /* JXCategoryNumberCell.h */,
			);
			path = Number;
			sourceTree = "<group>";
		};
		190639F72191A18400153BE9 /* Common */ = {
			isa = PBXGroup;
			children = (
				190639F82191A18400153BE9 /* JXCategoryCollectionView.h */,
				190639F92191A18400153BE9 /* JXCategoryListVCContainerView.m */,
				190639FA2191A18400153BE9 /* JXCategoryIndicatorProtocol.h */,
				190639FB2191A18400153BE9 /* JXCategoryViewDefines.h */,
				190639FC2191A18400153BE9 /* JXCategoryFactory.m */,
				190639FD2191A18400153BE9 /* UIColor+JXAdd.h */,
				190639FE2191A18400153BE9 /* JXCategoryCollectionView.m */,
				190639FF2191A18400153BE9 /* JXCategoryListVCContainerView.h */,
				19063A002191A18400153BE9 /* UIColor+JXAdd.m */,
				19063A012191A18400153BE9 /* JXCategoryFactory.h */,
			);
			path = Common;
			sourceTree = "<group>";
		};
		19063A022191A18400153BE9 /* Base */ = {
			isa = PBXGroup;
			children = (
				19063A032191A18400153BE9 /* JXCategoryBaseView.h */,
				19063A042191A18400153BE9 /* JXCategoryBaseCell.h */,
				19063A052191A18400153BE9 /* JXCategoryBaseCellModel.h */,
				19063A062191A18400153BE9 /* JXCategoryBaseView.m */,
				19063A072191A18400153BE9 /* JXCategoryBaseCell.m */,
				19063A082191A18400153BE9 /* JXCategoryBaseCellModel.m */,
			);
			path = Base;
			sourceTree = "<group>";
		};
		190F6A6F213FB89300870498 /* JXPagingView-Swift */ = {
			isa = PBXGroup;
			children = (
				190F6A70213FB89300870498 /* JXPagingMainTableView.swift */,
				190F6A71213FB89300870498 /* JXPagingView.swift */,
				190F6A72213FB89300870498 /* JXPagingListRefreshView.swift */,
				190F6A73213FB89300870498 /* JXPagingListContainerView.swift */,
			);
			path = "JXPagingView-Swift";
			sourceTree = SOURCE_ROOT;
		};
		1912A534211D2AB700A80826 = {
			isa = PBXGroup;
			children = (
				1912A53F211D2AB700A80826 /* JXPagingView */,
				1912A53E211D2AB700A80826 /* Products */,
			);
			sourceTree = "<group>";
		};
		1912A53E211D2AB700A80826 /* Products */ = {
			isa = PBXGroup;
			children = (
				1912A53D211D2AB700A80826 /* JXPagingView.app */,
			);
			name = Products;
			sourceTree = "<group>";
		};
		1912A53F211D2AB700A80826 /* JXPagingView */ = {
			isa = PBXGroup;
			children = (
				190639BE2191A18400153BE9 /* JXCategoryView */,
				190F6A6F213FB89300870498 /* JXPagingView-Swift */,
				19870C7C2121601700C23CAA /* Gif */,
				1912A552211D2F1500A80826 /* Example */,
				1912A540211D2AB700A80826 /* AppDelegate.swift */,
				1912A542211D2AB700A80826 /* ViewController.swift */,
				1912A544211D2AB700A80826 /* Main.storyboard */,
				1912A547211D2ABA00A80826 /* Assets.xcassets */,
				1912A549211D2ABA00A80826 /* LaunchScreen.storyboard */,
				1912A54C211D2ABA00A80826 /* Info.plist */,
				1912A5D3211D2FDC00A80826 /* Swift-Bridge-Objective-C.h */,
				19870C26211D852400C23CAA /* lufei.jpg */,
			);
			path = JXPagingView;
			sourceTree = "<group>";
		};
		1912A552211D2F1500A80826 /* Example */ = {
			isa = PBXGroup;
			children = (
				1939226B218C568800C7B564 /* CategoryNestPaging */,
				19CF1855216DF2560093C775 /* VCContainer */,
				19CF1842216C937C0093C775 /* CollectionView */,
				194DCDF221352667000E89EF /* NavigationBarHidden */,
				1912A585211D2F1500A80826 /* Common */,
				1912A588211D2F1500A80826 /* Zoom */,
				1912A554211D2F1500A80826 /* Refresh */,
			);
			path = Example;
			sourceTree = "<group>";
		};
		1912A554211D2F1500A80826 /* Refresh */ = {
			isa = PBXGroup;
			children = (
				1912A556211D2F1500A80826 /* MJRefresh */,
				1912A555211D2F1500A80826 /* RefreshViewController.swift */,
				194DCDD82134F81F000E89EF /* ListRefreshViewController.swift */,
			);
			path = Refresh;
			sourceTree = "<group>";
		};
		1912A556211D2F1500A80826 /* MJRefresh */ = {
			isa = PBXGroup;
			children = (
				1912A557211D2F1500A80826 /* UIScrollView+MJRefresh.m */,
				1912A558211D2F1500A80826 /* MJRefreshConst.m */,
				1912A559211D2F1500A80826 /* UIScrollView+MJExtension.h */,
				1912A55A211D2F1500A80826 /* MJRefresh.h */,
				1912A55B211D2F1500A80826 /* NSBundle+MJRefresh.h */,
				1912A55C211D2F1500A80826 /* MJRefresh.bundle */,
				1912A55D211D2F1500A80826 /* UIView+MJExtension.h */,
				1912A55E211D2F1500A80826 /* UIScrollView+MJExtension.m */,
				1912A55F211D2F1500A80826 /* MJRefreshConst.h */,
				1912A560211D2F1500A80826 /* UIScrollView+MJRefresh.h */,
				1912A561211D2F1500A80826 /* NSBundle+MJRefresh.m */,
				1912A562211D2F1500A80826 /* UIView+MJExtension.m */,
				1912A563211D2F1500A80826 /* Custom */,
				1912A57A211D2F1500A80826 /* Base */,
			);
			path = MJRefresh;
			sourceTree = "<group>";
		};
		1912A563211D2F1500A80826 /* Custom */ = {
			isa = PBXGroup;
			children = (
				1912A564211D2F1500A80826 /* Footer */,
				1912A573211D2F1500A80826 /* Header */,
			);
			path = Custom;
			sourceTree = "<group>";
		};
		1912A564211D2F1500A80826 /* Footer */ = {
			isa = PBXGroup;
			children = (
				1912A565211D2F1500A80826 /* Back */,
				1912A56C211D2F1500A80826 /* Auto */,
			);
			path = Footer;
			sourceTree = "<group>";
		};
		1912A565211D2F1500A80826 /* Back */ = {
			isa = PBXGroup;
			children = (
				1912A566211D2F1500A80826 /* MJRefreshBackGifFooter.h */,
				1912A567211D2F1500A80826 /* MJRefreshBackStateFooter.h */,
				1912A568211D2F1500A80826 /* MJRefreshBackNormalFooter.h */,
				1912A569211D2F1500A80826 /* MJRefreshBackGifFooter.m */,
				1912A56A211D2F1500A80826 /* MJRefreshBackStateFooter.m */,
				1912A56B211D2F1500A80826 /* MJRefreshBackNormalFooter.m */,
			);
			path = Back;
			sourceTree = "<group>";
		};
		1912A56C211D2F1500A80826 /* Auto */ = {
			isa = PBXGroup;
			children = (
				1912A56D211D2F1500A80826 /* MJRefreshAutoStateFooter.h */,
				1912A56E211D2F1500A80826 /* MJRefreshAutoNormalFooter.h */,
				1912A56F211D2F1500A80826 /* MJRefreshAutoGifFooter.h */,
				1912A570211D2F1500A80826 /* MJRefreshAutoStateFooter.m */,
				1912A571211D2F1500A80826 /* MJRefreshAutoGifFooter.m */,
				1912A572211D2F1500A80826 /* MJRefreshAutoNormalFooter.m */,
			);
			path = Auto;
			sourceTree = "<group>";
		};
		1912A573211D2F1500A80826 /* Header */ = {
			isa = PBXGroup;
			children = (
				1912A574211D2F1500A80826 /* MJRefreshNormalHeader.m */,
				1912A575211D2F1500A80826 /* MJRefreshStateHeader.h */,
				1912A576211D2F1500A80826 /* MJRefreshGifHeader.h */,
				1912A577211D2F1500A80826 /* MJRefreshNormalHeader.h */,
				1912A578211D2F1500A80826 /* MJRefreshStateHeader.m */,
				1912A579211D2F1500A80826 /* MJRefreshGifHeader.m */,
			);
			path = Header;
			sourceTree = "<group>";
		};
		1912A57A211D2F1500A80826 /* Base */ = {
			isa = PBXGroup;
			children = (
				1912A57B211D2F1500A80826 /* MJRefreshFooter.m */,
				1912A57C211D2F1500A80826 /* MJRefreshComponent.h */,
				1912A57D211D2F1500A80826 /* MJRefreshHeader.m */,
				1912A57E211D2F1500A80826 /* MJRefreshAutoFooter.h */,
				1912A57F211D2F1500A80826 /* MJRefreshBackFooter.m */,
				1912A580211D2F1500A80826 /* MJRefreshAutoFooter.m */,
				1912A581211D2F1500A80826 /* MJRefreshHeader.h */,
				1912A582211D2F1500A80826 /* MJRefreshComponent.m */,
				1912A583211D2F1500A80826 /* MJRefreshFooter.h */,
				1912A584211D2F1500A80826 /* MJRefreshBackFooter.h */,
			);
			path = Base;
			sourceTree = "<group>";
		};
		1912A585211D2F1500A80826 /* Common */ = {
			isa = PBXGroup;
			children = (
				1912A670211D3E8600A80826 /* BaseViewController.swift */,
				194DCDF521352CE6000E89EF /* BaseNavigationController.swift */,
				1912A587211D2F1500A80826 /* PagingViewTableHeaderView.swift */,
				1912A58B211D2F1500A80826 /* TestListBaseView.swift */,
				19CF1843216C93C40093C775 /* TestListCollectionView.swift */,
				19B614C721463D8B00FF4B8E /* TestTableViewCell.swift */,
				19C417C9215F18FC0090E518 /* UIWindow+JXSafeArea.swift */,
			);
			path = Common;
			sourceTree = "<group>";
		};
		1912A588211D2F1500A80826 /* Zoom */ = {
			isa = PBXGroup;
			children = (
				1912A589211D2F1500A80826 /* ZoomViewController.swift */,
			);
			path = Zoom;
			sourceTree = "<group>";
		};
		1939226B218C568800C7B564 /* CategoryNestPaging */ = {
			isa = PBXGroup;
			children = (
				1939226C218C56B100C7B564 /* NestViewController.swift */,
			);
			path = CategoryNestPaging;
			sourceTree = "<group>";
		};
		194DCDF221352667000E89EF /* NavigationBarHidden */ = {
			isa = PBXGroup;
			children = (
				194DCDF321352689000E89EF /* NaviHiddenViewController.swift */,
			);
			path = NavigationBarHidden;
			sourceTree = "<group>";
		};
		19870C7C2121601700C23CAA /* Gif */ = {
			isa = PBXGroup;
			children = (
				190639AF21918BAD00153BE9 /* CategoryNestPaging.gif */,
				197D66AD2182FC7600B20483 /* Nest.gif */,
				19CF1847216C993D0093C775 /* CollectionViewList.gif */,
				1968DA682135486F00A51C83 /* NaviHidden.gif */,
				194DCDF021352285000E89EF /* ListRefresh.gif */,
				19870C7D2121604F00C23CAA /* Refresh.gif */,
				19870C7E2121604F00C23CAA /* Zoom.gif */,
			);
			path = Gif;
			sourceTree = "<group>";
		};
		19CF1842216C937C0093C775 /* CollectionView */ = {
			isa = PBXGroup;
			children = (
				19CF1845216C94D90093C775 /* CollectionViewViewController.swift */,
			);
			path = CollectionView;
			sourceTree = "<group>";
		};
		19CF1855216DF2560093C775 /* VCContainer */ = {
			isa = PBXGroup;
			children = (
				19CF1856216DF27A0093C775 /* VCViewController.swift */,
				19CF1858216DF3230093C775 /* VCListViewController.swift */,
			);
			path = VCContainer;
			sourceTree = "<group>";
		};
/* End PBXGroup section */

/* Begin PBXNativeTarget section */
		1912A53C211D2AB700A80826 /* JXPagingView */ = {
			isa = PBXNativeTarget;
			buildConfigurationList = 1912A54F211D2ABA00A80826 /* Build configuration list for PBXNativeTarget "JXPagingView" */;
			buildPhases = (
				1912A539211D2AB700A80826 /* Sources */,
				1912A53A211D2AB700A80826 /* Frameworks */,
				1912A53B211D2AB700A80826 /* Resources */,
			);
			buildRules = (
			);
			dependencies = (
			);
			name = JXPagingView;
			productName = JXPagingView;
			productReference = 1912A53D211D2AB700A80826 /* JXPagingView.app */;
			productType = "com.apple.product-type.application";
		};
/* End PBXNativeTarget section */

/* Begin PBXProject section */
		1912A535211D2AB700A80826 /* Project object */ = {
			isa = PBXProject;
			attributes = {
				LastSwiftUpdateCheck = 0940;
				LastUpgradeCheck = 0940;
				ORGANIZATIONNAME = jiaxin;
				TargetAttributes = {
					1912A53C211D2AB700A80826 = {
						CreatedOnToolsVersion = 9.4;
						LastSwiftMigration = 1000;
					};
				};
			};
			buildConfigurationList = 1912A538211D2AB700A80826 /* Build configuration list for PBXProject "JXPagingView" */;
			compatibilityVersion = "Xcode 9.3";
			developmentRegion = en;
			hasScannedForEncodings = 0;
			knownRegions = (
				en,
				Base,
			);
			mainGroup = 1912A534211D2AB700A80826;
			productRefGroup = 1912A53E211D2AB700A80826 /* Products */;
			projectDirPath = "";
			projectRoot = "";
			targets = (
				1912A53C211D2AB700A80826 /* JXPagingView */,
			);
		};
/* End PBXProject section */

/* Begin PBXResourcesBuildPhase section */
		1912A53B211D2AB700A80826 /* Resources */ = {
			isa = PBXResourcesBuildPhase;
			buildActionMask = 2147483647;
			files = (
				19870C7F2121604F00C23CAA /* Refresh.gif in Resources */,
				1912A54B211D2ABA00A80826 /* LaunchScreen.storyboard in Resources */,
				19870C27211D852400C23CAA /* lufei.jpg in Resources */,
				1912A548211D2ABA00A80826 /* Assets.xcassets in Resources */,
				190639B021918BAD00153BE9 /* CategoryNestPaging.gif in Resources */,
				19870C802121605000C23CAA /* Zoom.gif in Resources */,
				1968DA692135486F00A51C83 /* NaviHidden.gif in Resources */,
				1912A5AD211D2F1500A80826 /* MJRefresh.bundle in Resources */,
				194DCDF121352285000E89EF /* ListRefresh.gif in Resources */,
				197D66AE2182FC7600B20483 /* Nest.gif in Resources */,
				1912A546211D2AB700A80826 /* Main.storyboard in Resources */,
				19CF1848216C993D0093C775 /* CollectionViewList.gif in Resources */,
			);
			runOnlyForDeploymentPostprocessing = 0;
		};
/* End PBXResourcesBuildPhase section */

/* Begin PBXSourcesBuildPhase section */
		1912A539211D2AB700A80826 /* Sources */ = {
			isa = PBXSourcesBuildPhase;
			buildActionMask = 2147483647;
			files = (
				1912A5BC211D2F1500A80826 /* MJRefreshBackFooter.m in Sources */,
				19063A102191A18500153BE9 /* JXCategoryIndicatorCell.m in Sources */,
				19063A172191A18500153BE9 /* JXCategoryTitleImageCellModel.m in Sources */,
				19CF1857216DF27A0093C775 /* VCViewController.swift in Sources */,
				19063A272191A18500153BE9 /* JXCategoryBaseCellModel.m in Sources */,
				1912A5AA211D2F1500A80826 /* RefreshViewController.swift in Sources */,
				1912A5B5211D2F1500A80826 /* MJRefreshAutoGifFooter.m in Sources */,
				194DCDF621352CE6000E89EF /* BaseNavigationController.swift in Sources */,
				1912A5C3211D2F1500A80826 /* TestListBaseView.swift in Sources */,
				19063A152191A18500153BE9 /* JXCategoryTitleImageView.m in Sources */,
				19063A252191A18500153BE9 /* JXCategoryBaseView.m in Sources */,
				19063A1F2191A18500153BE9 /* JXCategoryNumberCell.m in Sources */,
				1939226D218C56B100C7B564 /* NestViewController.swift in Sources */,
				1912A5B2211D2F1500A80826 /* MJRefreshBackStateFooter.m in Sources */,
				1912A543211D2AB700A80826 /* ViewController.swift in Sources */,
				1912A5AE211D2F1500A80826 /* UIScrollView+MJExtension.m in Sources */,
				19063A0E2191A18500153BE9 /* JXCategoryIndicatorBackgroundView.m in Sources */,
				1912A5B1211D2F1500A80826 /* MJRefreshBackGifFooter.m in Sources */,
				19063A132191A18500153BE9 /* JXCategoryDotView.m in Sources */,
				19063A0D2191A18500153BE9 /* JXCategoryIndicatorComponentView.m in Sources */,
				19063A1E2191A18500153BE9 /* JXCategoryNumberView.m in Sources */,
				1912A5B9211D2F1500A80826 /* MJRefreshGifHeader.m in Sources */,
				1912A5BE211D2F1500A80826 /* MJRefreshComponent.m in Sources */,
				1912A5C1211D2F1500A80826 /* ZoomViewController.swift in Sources */,
				1912A5AF211D2F1500A80826 /* NSBundle+MJRefresh.m in Sources */,
				19063A142191A18500153BE9 /* JXCategoryDotCellModel.m in Sources */,
				1912A5B0211D2F1500A80826 /* UIView+MJExtension.m in Sources */,
				19063A122191A18500153BE9 /* JXCategoryDotCell.m in Sources */,
				19063A0A2191A18500153BE9 /* JXCategoryIndicatorTriangleView.m in Sources */,
				190F6A77213FB89300870498 /* JXPagingListContainerView.swift in Sources */,
				19063A0B2191A18500153BE9 /* JXCategoryIndicatorImageView.m in Sources */,
				1912A5BD211D2F1500A80826 /* MJRefreshAutoFooter.m in Sources */,
				194DCDD92134F81F000E89EF /* ListRefreshViewController.swift in Sources */,
				19063A262191A18500153BE9 /* JXCategoryBaseCell.m in Sources */,
				1912A5AC211D2F1500A80826 /* MJRefreshConst.m in Sources */,
				19063A232191A18500153BE9 /* JXCategoryCollectionView.m in Sources */,
				19063A222191A18500153BE9 /* JXCategoryFactory.m in Sources */,
				1912A5B4211D2F1500A80826 /* MJRefreshAutoStateFooter.m in Sources */,
				19063A0C2191A18500153BE9 /* JXCategoryIndicatorBallView.m in Sources */,
				19B614C821463D8B00FF4B8E /* TestTableViewCell.swift in Sources */,
				19063A242191A18500153BE9 /* UIColor+JXAdd.m in Sources */,
				19C417CA215F18FC0090E518 /* UIWindow+JXSafeArea.swift in Sources */,
				19063A212191A18500153BE9 /* JXCategoryListVCContainerView.m in Sources */,
				19063A112191A18500153BE9 /* JXCategoryIndicatorView.m in Sources */,
				19063A1C2191A18500153BE9 /* JXCategoryImageCell.m in Sources */,
				19CF1859216DF3230093C775 /* VCListViewController.swift in Sources */,
				19CF1844216C93C40093C775 /* TestListCollectionView.swift in Sources */,
				1912A5C0211D2F1500A80826 /* PagingViewTableHeaderView.swift in Sources */,
				19063A0F2191A18500153BE9 /* JXCategoryIndicatorCellModel.m in Sources */,
				1912A5B7211D2F1500A80826 /* MJRefreshNormalHeader.m in Sources */,
				19063A182191A18500153BE9 /* JXCategoryTitleCellModel.m in Sources */,
				1912A671211D3E8600A80826 /* BaseViewController.swift in Sources */,
				1912A541211D2AB700A80826 /* AppDelegate.swift in Sources */,
				190F6A76213FB89300870498 /* JXPagingListRefreshView.swift in Sources */,
				19063A092191A18500153BE9 /* JXCategoryIndicatorLineView.m in Sources */,
				19063A202191A18500153BE9 /* JXCategoryNumberCellModel.m in Sources */,
				190F6A74213FB89300870498 /* JXPagingMainTableView.swift in Sources */,
				194DCDF421352689000E89EF /* NaviHiddenViewController.swift in Sources */,
				190F6A75213FB89300870498 /* JXPagingView.swift in Sources */,
				1912A5BA211D2F1500A80826 /* MJRefreshFooter.m in Sources */,
				19063A1D2191A18500153BE9 /* JXCategoryImageCellModel.m in Sources */,
				19063A1A2191A18500153BE9 /* JXCategoryTitleView.m in Sources */,
				19063A192191A18500153BE9 /* JXCategoryTitleCell.m in Sources */,
				1912A5B6211D2F1500A80826 /* MJRefreshAutoNormalFooter.m in Sources */,
				19CF1846216C94D90093C775 /* CollectionViewViewController.swift in Sources */,
				1912A5BB211D2F1500A80826 /* MJRefreshHeader.m in Sources */,
				19063A162191A18500153BE9 /* JXCategoryTitleImageCell.m in Sources */,
				1912A5B3211D2F1500A80826 /* MJRefreshBackNormalFooter.m in Sources */,
				19063A1B2191A18500153BE9 /* JXCategoryImageView.m in Sources */,
				1912A5AB211D2F1500A80826 /* UIScrollView+MJRefresh.m in Sources */,
				1912A5B8211D2F1500A80826 /* MJRefreshStateHeader.m in Sources */,
			);
			runOnlyForDeploymentPostprocessing = 0;
		};
/* End PBXSourcesBuildPhase section */

/* Begin PBXVariantGroup section */
		1912A544211D2AB700A80826 /* Main.storyboard */ = {
			isa = PBXVariantGroup;
			children = (
				1912A545211D2AB700A80826 /* Base */,
			);
			name = Main.storyboard;
			sourceTree = "<group>";
		};
		1912A549211D2ABA00A80826 /* LaunchScreen.storyboard */ = {
			isa = PBXVariantGroup;
			children = (
				1912A54A211D2ABA00A80826 /* Base */,
			);
			name = LaunchScreen.storyboard;
			sourceTree = "<group>";
		};
/* End PBXVariantGroup section */

/* Begin XCBuildConfiguration section */
		1912A54D211D2ABA00A80826 /* Debug */ = {
			isa = XCBuildConfiguration;
			buildSettings = {
				ALWAYS_SEARCH_USER_PATHS = NO;
				CLANG_ANALYZER_NONNULL = YES;
				CLANG_ANALYZER_NUMBER_OBJECT_CONVERSION = YES_AGGRESSIVE;
				CLANG_CXX_LANGUAGE_STANDARD = "gnu++14";
				CLANG_CXX_LIBRARY = "libc++";
				CLANG_ENABLE_MODULES = YES;
				CLANG_ENABLE_OBJC_ARC = YES;
				CLANG_ENABLE_OBJC_WEAK = YES;
				CLANG_WARN_BLOCK_CAPTURE_AUTORELEASING = YES;
				CLANG_WARN_BOOL_CONVERSION = YES;
				CLANG_WARN_COMMA = YES;
				CLANG_WARN_CONSTANT_CONVERSION = YES;
				CLANG_WARN_DEPRECATED_OBJC_IMPLEMENTATIONS = YES;
				CLANG_WARN_DIRECT_OBJC_ISA_USAGE = YES_ERROR;
				CLANG_WARN_DOCUMENTATION_COMMENTS = YES;
				CLANG_WARN_EMPTY_BODY = YES;
				CLANG_WARN_ENUM_CONVERSION = YES;
				CLANG_WARN_INFINITE_RECURSION = YES;
				CLANG_WARN_INT_CONVERSION = YES;
				CLANG_WARN_NON_LITERAL_NULL_CONVERSION = YES;
				CLANG_WARN_OBJC_IMPLICIT_RETAIN_SELF = YES;
				CLANG_WARN_OBJC_LITERAL_CONVERSION = YES;
				CLANG_WARN_OBJC_ROOT_CLASS = YES_ERROR;
				CLANG_WARN_RANGE_LOOP_ANALYSIS = YES;
				CLANG_WARN_STRICT_PROTOTYPES = YES;
				CLANG_WARN_SUSPICIOUS_MOVE = YES;
				CLANG_WARN_UNGUARDED_AVAILABILITY = YES_AGGRESSIVE;
				CLANG_WARN_UNREACHABLE_CODE = YES;
				CLANG_WARN__DUPLICATE_METHOD_MATCH = YES;
				CODE_SIGN_IDENTITY = "iPhone Developer";
				COPY_PHASE_STRIP = NO;
				DEBUG_INFORMATION_FORMAT = dwarf;
				ENABLE_STRICT_OBJC_MSGSEND = YES;
				ENABLE_TESTABILITY = YES;
				GCC_C_LANGUAGE_STANDARD = gnu11;
				GCC_DYNAMIC_NO_PIC = NO;
				GCC_NO_COMMON_BLOCKS = YES;
				GCC_OPTIMIZATION_LEVEL = 0;
				GCC_PREPROCESSOR_DEFINITIONS = (
					"DEBUG=1",
					"$(inherited)",
				);
				GCC_WARN_64_TO_32_BIT_CONVERSION = YES;
				GCC_WARN_ABOUT_RETURN_TYPE = YES_ERROR;
				GCC_WARN_UNDECLARED_SELECTOR = YES;
				GCC_WARN_UNINITIALIZED_AUTOS = YES_AGGRESSIVE;
				GCC_WARN_UNUSED_FUNCTION = YES;
				GCC_WARN_UNUSED_VARIABLE = YES;
				IPHONEOS_DEPLOYMENT_TARGET = 11.4;
				MTL_ENABLE_DEBUG_INFO = YES;
				ONLY_ACTIVE_ARCH = YES;
				SDKROOT = iphoneos;
				SWIFT_ACTIVE_COMPILATION_CONDITIONS = DEBUG;
				SWIFT_OPTIMIZATION_LEVEL = "-Onone";
			};
			name = Debug;
		};
		1912A54E211D2ABA00A80826 /* Release */ = {
			isa = XCBuildConfiguration;
			buildSettings = {
				ALWAYS_SEARCH_USER_PATHS = NO;
				CLANG_ANALYZER_NONNULL = YES;
				CLANG_ANALYZER_NUMBER_OBJECT_CONVERSION = YES_AGGRESSIVE;
				CLANG_CXX_LANGUAGE_STANDARD = "gnu++14";
				CLANG_CXX_LIBRARY = "libc++";
				CLANG_ENABLE_MODULES = YES;
				CLANG_ENABLE_OBJC_ARC = YES;
				CLANG_ENABLE_OBJC_WEAK = YES;
				CLANG_WARN_BLOCK_CAPTURE_AUTORELEASING = YES;
				CLANG_WARN_BOOL_CONVERSION = YES;
				CLANG_WARN_COMMA = YES;
				CLANG_WARN_CONSTANT_CONVERSION = YES;
				CLANG_WARN_DEPRECATED_OBJC_IMPLEMENTATIONS = YES;
				CLANG_WARN_DIRECT_OBJC_ISA_USAGE = YES_ERROR;
				CLANG_WARN_DOCUMENTATION_COMMENTS = YES;
				CLANG_WARN_EMPTY_BODY = YES;
				CLANG_WARN_ENUM_CONVERSION = YES;
				CLANG_WARN_INFINITE_RECURSION = YES;
				CLANG_WARN_INT_CONVERSION = YES;
				CLANG_WARN_NON_LITERAL_NULL_CONVERSION = YES;
				CLANG_WARN_OBJC_IMPLICIT_RETAIN_SELF = YES;
				CLANG_WARN_OBJC_LITERAL_CONVERSION = YES;
				CLANG_WARN_OBJC_ROOT_CLASS = YES_ERROR;
				CLANG_WARN_RANGE_LOOP_ANALYSIS = YES;
				CLANG_WARN_STRICT_PROTOTYPES = YES;
				CLANG_WARN_SUSPICIOUS_MOVE = YES;
				CLANG_WARN_UNGUARDED_AVAILABILITY = YES_AGGRESSIVE;
				CLANG_WARN_UNREACHABLE_CODE = YES;
				CLANG_WARN__DUPLICATE_METHOD_MATCH = YES;
				CODE_SIGN_IDENTITY = "iPhone Developer";
				COPY_PHASE_STRIP = NO;
				DEBUG_INFORMATION_FORMAT = "dwarf-with-dsym";
				ENABLE_NS_ASSERTIONS = NO;
				ENABLE_STRICT_OBJC_MSGSEND = YES;
				GCC_C_LANGUAGE_STANDARD = gnu11;
				GCC_NO_COMMON_BLOCKS = YES;
				GCC_WARN_64_TO_32_BIT_CONVERSION = YES;
				GCC_WARN_ABOUT_RETURN_TYPE = YES_ERROR;
				GCC_WARN_UNDECLARED_SELECTOR = YES;
				GCC_WARN_UNINITIALIZED_AUTOS = YES_AGGRESSIVE;
				GCC_WARN_UNUSED_FUNCTION = YES;
				GCC_WARN_UNUSED_VARIABLE = YES;
				IPHONEOS_DEPLOYMENT_TARGET = 11.4;
				MTL_ENABLE_DEBUG_INFO = NO;
				SDKROOT = iphoneos;
				SWIFT_COMPILATION_MODE = wholemodule;
				SWIFT_OPTIMIZATION_LEVEL = "-O";
				VALIDATE_PRODUCT = YES;
			};
			name = Release;
		};
		1912A550211D2ABA00A80826 /* Debug */ = {
			isa = XCBuildConfiguration;
			buildSettings = {
				ASSETCATALOG_COMPILER_APPICON_NAME = AppIcon;
				CODE_SIGN_IDENTITY = "iPhone Developer";
				CODE_SIGN_STYLE = Automatic;
				DEFINES_MODULE = YES;
				DEVELOPMENT_TEAM = CUHY5967Q2;
				INFOPLIST_FILE = JXPagingView/Info.plist;
				IPHONEOS_DEPLOYMENT_TARGET = 8.0;
				LD_RUNPATH_SEARCH_PATHS = (
					"$(inherited)",
					"@executable_path/Frameworks",
				);
				PRODUCT_BUNDLE_IDENTIFIER = jiaxin.JXPagingView.com.33;
				PRODUCT_NAME = "$(TARGET_NAME)";
				PROVISIONING_PROFILE_SPECIFIER = "";
				SWIFT_OBJC_BRIDGING_HEADER = "JXPagingView/Swift-Bridge-Objective-C.h";
				SWIFT_VERSION = 4.2;
				TARGETED_DEVICE_FAMILY = 1;
			};
			name = Debug;
		};
		1912A551211D2ABA00A80826 /* Release */ = {
			isa = XCBuildConfiguration;
			buildSettings = {
				ASSETCATALOG_COMPILER_APPICON_NAME = AppIcon;
				CODE_SIGN_IDENTITY = "iPhone Developer";
				CODE_SIGN_STYLE = Automatic;
				DEFINES_MODULE = YES;
				DEVELOPMENT_TEAM = CUHY5967Q2;
				INFOPLIST_FILE = JXPagingView/Info.plist;
				IPHONEOS_DEPLOYMENT_TARGET = 8.0;
				LD_RUNPATH_SEARCH_PATHS = (
					"$(inherited)",
					"@executable_path/Frameworks",
				);
				PRODUCT_BUNDLE_IDENTIFIER = jiaxin.JXPagingView.com.33;
				PRODUCT_NAME = "$(TARGET_NAME)";
				PROVISIONING_PROFILE_SPECIFIER = "";
				SWIFT_OBJC_BRIDGING_HEADER = "JXPagingView/Swift-Bridge-Objective-C.h";
				SWIFT_VERSION = 4.2;
				TARGETED_DEVICE_FAMILY = 1;
			};
			name = Release;
		};
/* End XCBuildConfiguration section */

/* Begin XCConfigurationList section */
		1912A538211D2AB700A80826 /* Build configuration list for PBXProject "JXPagingView" */ = {
			isa = XCConfigurationList;
			buildConfigurations = (
				1912A54D211D2ABA00A80826 /* Debug */,
				1912A54E211D2ABA00A80826 /* Release */,
			);
			defaultConfigurationIsVisible = 0;
			defaultConfigurationName = Release;
		};
		1912A54F211D2ABA00A80826 /* Build configuration list for PBXNativeTarget "JXPagingView" */ = {
			isa = XCConfigurationList;
			buildConfigurations = (
				1912A550211D2ABA00A80826 /* Debug */,
				1912A551211D2ABA00A80826 /* Release */,
			);
			defaultConfigurationIsVisible = 0;
			defaultConfigurationName = Release;
		};
/* End XCConfigurationList section */
	};
	rootObject = 1912A535211D2AB700A80826 /* Project object */;
}
