PODS:
  - JXPagingView/Paging (2.1.4)
  - JXSegmentedView (1.0.2)
  - MJRefresh (3.4.0)

DEPENDENCIES:
  - JXPagingView/Paging (from `../../../JXPagingView`)
  - JXSegmentedView
  - MJRefresh (= 3.4.0)

SPEC REPOS:
  https://github.com/CocoaPods/Specs.git:
    - JXSegmentedView
    - MJRefresh

EXTERNAL SOURCES:
  JXPagingView:
    :path: "../../../JXPagingView"

SPEC CHECKSUMS:
  JXPagingView: 28ab45ab0f9811153ef28266071877d42483ba8c
  JXSegmentedView: 2988fe07060a9b91b0112eabd6dee0df0cbca8b3
  MJRefresh: 95b08b3b8b6457d2c69510439e0349599050ea34

PODFILE CHECKSUM: dab91da853c9fd1be405d37420971efd00eb0086

COCOAPODS: 1.15.2
