PODS:
  - JXPagingView/Paging (1.1.19)
  - JXSegmentedView (1.0.2)
  - MJRefresh (3.2.0)

DEPENDENCIES:
  - JXPagingView/Paging (from `../../../JXPagingView`)
  - JXSegmentedView
  - MJRefresh

SPEC REPOS:
  https://github.com/cocoapods/specs.git:
    - JXSegmentedView
    - MJRefresh

EXTERNAL SOURCES:
  JXPagingView:
    :path: "../../../JXPagingView"

SPEC CHECKSUMS:
  JXPagingView: 06b96c76f730e50847facf2a2d80f0e6e3a813e4
  JXSegmentedView: 2988fe07060a9b91b0112eabd6dee0df0cbca8b3
  MJRefresh: ed450d6eb9d3346a2cb033ab7eb6de090aeef437

PODFILE CHECKSUM: 0a28147834d9d14a6fadd382c57c97b98f1bbc0b

COCOAPODS: 1.7.5
